
Microsoft Visual Studio Solution File, Format Version 12.00
# Visual Studio Version 17
VisualStudioVersion = 17.4.33205.214
MinimumVisualStudioVersion = 10.0.40219.1
Project("{9A19103F-16F7-4668-BE54-9A1E7A4F7556}") = "SurfBoardApp", "SurfBoardApp\SurfBoardApp.csproj", "{47AEF45B-B149-45E0-9E48-D09B1B22ABA9}"
EndProject
Project("{9A19103F-16F7-4668-BE54-9A1E7A4F7556}") = "SurfBoardApp.Data", "SurfBoardApp.Data\SurfBoardApp.Data.csproj", "{CBCD41CB-7FE4-408C-B73B-9ADC311A0EAD}"
EndProject
Project("{9A19103F-16F7-4668-BE54-9A1E7A4F7556}") = "SurfBoardApp.Domain", "SurfBoardApp.Domain\SurfBoardApp.Domain.csproj", "{B4EB92E4-431E-4F2E-8D80-8EB6716BA590}"
EndProject
Project("{9A19103F-16F7-4668-BE54-9A1E7A4F7556}") = "SurfBoardApp.Blazor.Shared", "SurfBoardApp.Blazor.Shared\SurfBoardApp.Blazor.Shared.csproj", "{4F6BB9A7-FCE4-4DFA-B4CA-050971AB6987}"
EndProject
Project("{9A19103F-16F7-4668-BE54-9A1E7A4F7556}") = "SurfBoardApp.Blazor.Client", "SurfBoardApp.Blazor.Client\SurfBoardApp.Blazor.Client.csproj", "{8CEB99A0-1549-488B-9665-FCB7C3E7A234}"
EndProject
Global
	GlobalSection(SolutionConfigurationPlatforms) = preSolution
		Debug|Any CPU = Debug|Any CPU
		Release|Any CPU = Release|Any CPU
	EndGlobalSection
	GlobalSection(ProjectConfigurationPlatforms) = postSolution
		{47AEF45B-B149-45E0-9E48-D09B1B22ABA9}.Debug|Any CPU.ActiveCfg = Debug|Any CPU
		{47AEF45B-B149-45E0-9E48-D09B1B22ABA9}.Debug|Any CPU.Build.0 = Debug|Any CPU
		{47AEF45B-B149-45E0-9E48-D09B1B22ABA9}.Release|Any CPU.ActiveCfg = Release|Any CPU
		{47AEF45B-B149-45E0-9E48-D09B1B22ABA9}.Release|Any CPU.Build.0 = Release|Any CPU
		{CBCD41CB-7FE4-408C-B73B-9ADC311A0EAD}.Debug|Any CPU.ActiveCfg = Debug|Any CPU
		{CBCD41CB-7FE4-408C-B73B-9ADC311A0EAD}.Debug|Any CPU.Build.0 = Debug|Any CPU
		{CBCD41CB-7FE4-408C-B73B-9ADC311A0EAD}.Release|Any CPU.ActiveCfg = Release|Any CPU
		{CBCD41CB-7FE4-408C-B73B-9ADC311A0EAD}.Release|Any CPU.Build.0 = Release|Any CPU
		{B4EB92E4-431E-4F2E-8D80-8EB6716BA590}.Debug|Any CPU.ActiveCfg = Debug|Any CPU
		{B4EB92E4-431E-4F2E-8D80-8EB6716BA590}.Debug|Any CPU.Build.0 = Debug|Any CPU
		{B4EB92E4-431E-4F2E-8D80-8EB6716BA590}.Release|Any CPU.ActiveCfg = Release|Any CPU
		{B4EB92E4-431E-4F2E-8D80-8EB6716BA590}.Release|Any CPU.Build.0 = Release|Any CPU
		{4F6BB9A7-FCE4-4DFA-B4CA-050971AB6987}.Debug|Any CPU.ActiveCfg = Debug|Any CPU
		{4F6BB9A7-FCE4-4DFA-B4CA-050971AB6987}.Debug|Any CPU.Build.0 = Debug|Any CPU
		{4F6BB9A7-FCE4-4DFA-B4CA-050971AB6987}.Release|Any CPU.ActiveCfg = Release|Any CPU
		{4F6BB9A7-FCE4-4DFA-B4CA-050971AB6987}.Release|Any CPU.Build.0 = Release|Any CPU
		{8CEB99A0-1549-488B-9665-FCB7C3E7A234}.Debug|Any CPU.ActiveCfg = Debug|Any CPU
		{8CEB99A0-1549-488B-9665-FCB7C3E7A234}.Debug|Any CPU.Build.0 = Debug|Any CPU
		{8CEB99A0-1549-488B-9665-FCB7C3E7A234}.Release|Any CPU.ActiveCfg = Release|Any CPU
		{8CEB99A0-1549-488B-9665-FCB7C3E7A234}.Release|Any CPU.Build.0 = Release|Any CPU
	EndGlobalSection
	GlobalSection(SolutionProperties) = preSolution
		HideSolutionNode = FALSE
	EndGlobalSection
	GlobalSection(ExtensibilityGlobals) = postSolution
		SolutionGuid = {1786300E-11E8-424E-978D-45FBC901CE73}
	EndGlobalSection
EndGlobal
